
Microsoft Visual Studio Solution File, Format Version 12.00
# Visual Studio Version 17
VisualStudioVersion = 17.12.35514.174
MinimumVisualStudioVersion = 10.0.40219.1
Project("{2150E333-8FDC-42A3-9474-1A3956D46DE8}") = "src", "src", "{CE0D3DC1-D8A2-44F9-8DCD-1CB9E79D35B1}"
EndProject
Project("{FAE04EC0-301F-11D3-BF4B-00C04F79EFBC}") = "PDV.UI.WinUI3", "PDV.UI.WinUI3\PDV.UI.WinUI3.csproj", "{C3174FCB-D548-4B3C-B125-AA3E0D2FF2FE}"
EndProject
Project("{FAE04EC0-301F-11D3-BF4B-00C04F79EFBC}") = "PDV.Domain", "PDV.Domain\PDV.Domain.csproj", "{299A8753-4E7E-4A28-9E8D-FBA177C46B4B}"
EndProject
Project("{FAE04EC0-301F-11D3-BF4B-00C04F79EFBC}") = "PDV.Application", "PDV.Application\PDV.Application.csproj", "{E5C7DB6F-A546-4F7A-9896-58BED23AF954}"
EndProject
Project("{FAE04EC0-301F-11D3-BF4B-00C04F79EFBC}") = "PDV.Infrastructure", "PDV.Infrastructure\PDV.Infrastructure.csproj", "{85A28921-BED8-4AA2-8AC9-9840F5B677DE}"
EndProject
Project("{FAE04EC0-301F-11D3-BF4B-00C04F79EFBC}") = "PDV.Shared", "PDV.Shared\PDV.Shared.csproj", "{A5518349-FED5-45CB-9B73-FB38ACDDDD19}"
EndProject
Project("{2150E333-8FDC-42A3-9474-1A3956D46DE8}") = "tests", "tests", "{7269F1EE-A1ED-4BBB-BA3B-AAC441B73E06}"
EndProject
Project("{2150E333-8FDC-42A3-9474-1A3956D46DE8}") = "docs", "docs", "{9BD7C37F-2FCC-4973-8AA7-B3C35B54FFFD}"
EndProject
Project("{FAE04EC0-301F-11D3-BF4B-00C04F79EFBC}") = "PDV.UnitTests", "PDV.UnitTests\PDV.UnitTests.csproj", "{5FC20B90-0E13-476A-96B3-B1E0CF475D5A}"
EndProject
Project("{FAE04EC0-301F-11D3-BF4B-00C04F79EFBC}") = "PDV.IntegrationTests", "PDV.IntegrationTests\PDV.IntegrationTests.csproj", "{35DD8C63-983A-4F9D-A76D-E4B0B8753FDC}"
EndProject
Project("{FAE04EC0-301F-11D3-BF4B-00C04F79EFBC}") = "PDV.UITests", "PDV.UITests\PDV.UITests.csproj", "{A9D61F43-E03E-445C-9C79-DC7B7447FB04}"
EndProject
Project("{2150E333-8FDC-42A3-9474-1A3956D46DE8}") = "api", "api", "{41885AF5-ADAD-41C7-AF86-8FBA8AD6807E}"
EndProject
Project("{2150E333-8FDC-42A3-9474-1A3956D46DE8}") = "guides", "guides", "{3E979083-CA88-4FF2-B0C1-686CC823C59B}"
EndProject
Project("{2150E333-8FDC-42A3-9474-1A3956D46DE8}") = "Itens de Solução", "Itens de Solução", "{0D0DAB51-B6F4-4671-B258-1D705F546E81}"
	ProjectSection(SolutionItems) = preProject
		.gitignore = .gitignore
	EndProjectSection
EndProject
Global
	GlobalSection(SolutionConfigurationPlatforms) = preSolution
		Debug|ARM64 = Debug|ARM64
		Debug|x64 = Debug|x64
		Debug|x86 = Debug|x86
		Release|ARM64 = Release|ARM64
		Release|x64 = Release|x64
		Release|x86 = Release|x86
	EndGlobalSection
	GlobalSection(ProjectConfigurationPlatforms) = postSolution
		{C3174FCB-D548-4B3C-B125-AA3E0D2FF2FE}.Debug|ARM64.ActiveCfg = Debug|ARM64
		{C3174FCB-D548-4B3C-B125-AA3E0D2FF2FE}.Debug|ARM64.Build.0 = Debug|ARM64
		{C3174FCB-D548-4B3C-B125-AA3E0D2FF2FE}.Debug|ARM64.Deploy.0 = Debug|ARM64
		{C3174FCB-D548-4B3C-B125-AA3E0D2FF2FE}.Debug|x64.ActiveCfg = Debug|x64
		{C3174FCB-D548-4B3C-B125-AA3E0D2FF2FE}.Debug|x64.Build.0 = Debug|x64
		{C3174FCB-D548-4B3C-B125-AA3E0D2FF2FE}.Debug|x64.Deploy.0 = Debug|x64
		{C3174FCB-D548-4B3C-B125-AA3E0D2FF2FE}.Debug|x86.ActiveCfg = Debug|x86
		{C3174FCB-D548-4B3C-B125-AA3E0D2FF2FE}.Debug|x86.Build.0 = Debug|x86
		{C3174FCB-D548-4B3C-B125-AA3E0D2FF2FE}.Debug|x86.Deploy.0 = Debug|x86
		{C3174FCB-D548-4B3C-B125-AA3E0D2FF2FE}.Release|ARM64.ActiveCfg = Release|ARM64
		{C3174FCB-D548-4B3C-B125-AA3E0D2FF2FE}.Release|ARM64.Build.0 = Release|ARM64
		{C3174FCB-D548-4B3C-B125-AA3E0D2FF2FE}.Release|ARM64.Deploy.0 = Release|ARM64
		{C3174FCB-D548-4B3C-B125-AA3E0D2FF2FE}.Release|x64.ActiveCfg = Release|x64
		{C3174FCB-D548-4B3C-B125-AA3E0D2FF2FE}.Release|x64.Build.0 = Release|x64
		{C3174FCB-D548-4B3C-B125-AA3E0D2FF2FE}.Release|x64.Deploy.0 = Release|x64
		{C3174FCB-D548-4B3C-B125-AA3E0D2FF2FE}.Release|x86.ActiveCfg = Release|x86
		{C3174FCB-D548-4B3C-B125-AA3E0D2FF2FE}.Release|x86.Build.0 = Release|x86
		{C3174FCB-D548-4B3C-B125-AA3E0D2FF2FE}.Release|x86.Deploy.0 = Release|x86
		{299A8753-4E7E-4A28-9E8D-FBA177C46B4B}.Debug|ARM64.ActiveCfg = Debug|Any CPU
		{299A8753-4E7E-4A28-9E8D-FBA177C46B4B}.Debug|ARM64.Build.0 = Debug|Any CPU
		{299A8753-4E7E-4A28-9E8D-FBA177C46B4B}.Debug|x64.ActiveCfg = Debug|Any CPU
		{299A8753-4E7E-4A28-9E8D-FBA177C46B4B}.Debug|x64.Build.0 = Debug|Any CPU
		{299A8753-4E7E-4A28-9E8D-FBA177C46B4B}.Debug|x86.ActiveCfg = Debug|Any CPU
		{299A8753-4E7E-4A28-9E8D-FBA177C46B4B}.Debug|x86.Build.0 = Debug|Any CPU
		{299A8753-4E7E-4A28-9E8D-FBA177C46B4B}.Release|ARM64.ActiveCfg = Release|Any CPU
		{299A8753-4E7E-4A28-9E8D-FBA177C46B4B}.Release|ARM64.Build.0 = Release|Any CPU
		{299A8753-4E7E-4A28-9E8D-FBA177C46B4B}.Release|x64.ActiveCfg = Release|Any CPU
		{299A8753-4E7E-4A28-9E8D-FBA177C46B4B}.Release|x64.Build.0 = Release|Any CPU
		{299A8753-4E7E-4A28-9E8D-FBA177C46B4B}.Release|x86.ActiveCfg = Release|Any CPU
		{299A8753-4E7E-4A28-9E8D-FBA177C46B4B}.Release|x86.Build.0 = Release|Any CPU
		{E5C7DB6F-A546-4F7A-9896-58BED23AF954}.Debug|ARM64.ActiveCfg = Debug|Any CPU
		{E5C7DB6F-A546-4F7A-9896-58BED23AF954}.Debug|ARM64.Build.0 = Debug|Any CPU
		{E5C7DB6F-A546-4F7A-9896-58BED23AF954}.Debug|x64.ActiveCfg = Debug|Any CPU
		{E5C7DB6F-A546-4F7A-9896-58BED23AF954}.Debug|x64.Build.0 = Debug|Any CPU
		{E5C7DB6F-A546-4F7A-9896-58BED23AF954}.Debug|x86.ActiveCfg = Debug|Any CPU
		{E5C7DB6F-A546-4F7A-9896-58BED23AF954}.Debug|x86.Build.0 = Debug|Any CPU
		{E5C7DB6F-A546-4F7A-9896-58BED23AF954}.Release|ARM64.ActiveCfg = Release|Any CPU
		{E5C7DB6F-A546-4F7A-9896-58BED23AF954}.Release|ARM64.Build.0 = Release|Any CPU
		{E5C7DB6F-A546-4F7A-9896-58BED23AF954}.Release|x64.ActiveCfg = Release|Any CPU
		{E5C7DB6F-A546-4F7A-9896-58BED23AF954}.Release|x64.Build.0 = Release|Any CPU
		{E5C7DB6F-A546-4F7A-9896-58BED23AF954}.Release|x86.ActiveCfg = Release|Any CPU
		{E5C7DB6F-A546-4F7A-9896-58BED23AF954}.Release|x86.Build.0 = Release|Any CPU
		{85A28921-BED8-4AA2-8AC9-9840F5B677DE}.Debug|ARM64.ActiveCfg = Debug|Any CPU
		{85A28921-BED8-4AA2-8AC9-9840F5B677DE}.Debug|ARM64.Build.0 = Debug|Any CPU
		{85A28921-BED8-4AA2-8AC9-9840F5B677DE}.Debug|x64.ActiveCfg = Debug|Any CPU
		{85A28921-BED8-4AA2-8AC9-9840F5B677DE}.Debug|x64.Build.0 = Debug|Any CPU
		{85A28921-BED8-4AA2-8AC9-9840F5B677DE}.Debug|x86.ActiveCfg = Debug|Any CPU
		{85A28921-BED8-4AA2-8AC9-9840F5B677DE}.Debug|x86.Build.0 = Debug|Any CPU
		{85A28921-BED8-4AA2-8AC9-9840F5B677DE}.Release|ARM64.ActiveCfg = Release|Any CPU
		{85A28921-BED8-4AA2-8AC9-9840F5B677DE}.Release|ARM64.Build.0 = Release|Any CPU
		{85A28921-BED8-4AA2-8AC9-9840F5B677DE}.Release|x64.ActiveCfg = Release|Any CPU
		{85A28921-BED8-4AA2-8AC9-9840F5B677DE}.Release|x64.Build.0 = Release|Any CPU
		{85A28921-BED8-4AA2-8AC9-9840F5B677DE}.Release|x86.ActiveCfg = Release|Any CPU
		{85A28921-BED8-4AA2-8AC9-9840F5B677DE}.Release|x86.Build.0 = Release|Any CPU
		{A5518349-FED5-45CB-9B73-FB38ACDDDD19}.Debug|ARM64.ActiveCfg = Debug|Any CPU
		{A5518349-FED5-45CB-9B73-FB38ACDDDD19}.Debug|ARM64.Build.0 = Debug|Any CPU
		{A5518349-FED5-45CB-9B73-FB38ACDDDD19}.Debug|x64.ActiveCfg = Debug|Any CPU
		{A5518349-FED5-45CB-9B73-FB38ACDDDD19}.Debug|x64.Build.0 = Debug|Any CPU
		{A5518349-FED5-45CB-9B73-FB38ACDDDD19}.Debug|x86.ActiveCfg = Debug|Any CPU
		{A5518349-FED5-45CB-9B73-FB38ACDDDD19}.Debug|x86.Build.0 = Debug|Any CPU
		{A5518349-FED5-45CB-9B73-FB38ACDDDD19}.Release|ARM64.ActiveCfg = Release|Any CPU
		{A5518349-FED5-45CB-9B73-FB38ACDDDD19}.Release|ARM64.Build.0 = Release|Any CPU
		{A5518349-FED5-45CB-9B73-FB38ACDDDD19}.Release|x64.ActiveCfg = Release|Any CPU
		{A5518349-FED5-45CB-9B73-FB38ACDDDD19}.Release|x64.Build.0 = Release|Any CPU
		{A5518349-FED5-45CB-9B73-FB38ACDDDD19}.Release|x86.ActiveCfg = Release|Any CPU
		{A5518349-FED5-45CB-9B73-FB38ACDDDD19}.Release|x86.Build.0 = Release|Any CPU
		{5FC20B90-0E13-476A-96B3-B1E0CF475D5A}.Debug|ARM64.ActiveCfg = Debug|Any CPU
		{5FC20B90-0E13-476A-96B3-B1E0CF475D5A}.Debug|ARM64.Build.0 = Debug|Any CPU
		{5FC20B90-0E13-476A-96B3-B1E0CF475D5A}.Debug|x64.ActiveCfg = Debug|Any CPU
		{5FC20B90-0E13-476A-96B3-B1E0CF475D5A}.Debug|x64.Build.0 = Debug|Any CPU
		{5FC20B90-0E13-476A-96B3-B1E0CF475D5A}.Debug|x86.ActiveCfg = Debug|Any CPU
		{5FC20B90-0E13-476A-96B3-B1E0CF475D5A}.Debug|x86.Build.0 = Debug|Any CPU
		{5FC20B90-0E13-476A-96B3-B1E0CF475D5A}.Release|ARM64.ActiveCfg = Release|Any CPU
		{5FC20B90-0E13-476A-96B3-B1E0CF475D5A}.Release|ARM64.Build.0 = Release|Any CPU
		{5FC20B90-0E13-476A-96B3-B1E0CF475D5A}.Release|x64.ActiveCfg = Release|Any CPU
		{5FC20B90-0E13-476A-96B3-B1E0CF475D5A}.Release|x64.Build.0 = Release|Any CPU
		{5FC20B90-0E13-476A-96B3-B1E0CF475D5A}.Release|x86.ActiveCfg = Release|Any CPU
		{5FC20B90-0E13-476A-96B3-B1E0CF475D5A}.Release|x86.Build.0 = Release|Any CPU
		{35DD8C63-983A-4F9D-A76D-E4B0B8753FDC}.Debug|ARM64.ActiveCfg = Debug|Any CPU
		{35DD8C63-983A-4F9D-A76D-E4B0B8753FDC}.Debug|ARM64.Build.0 = Debug|Any CPU
		{35DD8C63-983A-4F9D-A76D-E4B0B8753FDC}.Debug|x64.ActiveCfg = Debug|Any CPU
		{35DD8C63-983A-4F9D-A76D-E4B0B8753FDC}.Debug|x64.Build.0 = Debug|Any CPU
		{35DD8C63-983A-4F9D-A76D-E4B0B8753FDC}.Debug|x86.ActiveCfg = Debug|Any CPU
		{35DD8C63-983A-4F9D-A76D-E4B0B8753FDC}.Debug|x86.Build.0 = Debug|Any CPU
		{35DD8C63-983A-4F9D-A76D-E4B0B8753FDC}.Release|ARM64.ActiveCfg = Release|Any CPU
		{35DD8C63-983A-4F9D-A76D-E4B0B8753FDC}.Release|ARM64.Build.0 = Release|Any CPU
		{35DD8C63-983A-4F9D-A76D-E4B0B8753FDC}.Release|x64.ActiveCfg = Release|Any CPU
		{35DD8C63-983A-4F9D-A76D-E4B0B8753FDC}.Release|x64.Build.0 = Release|Any CPU
		{35DD8C63-983A-4F9D-A76D-E4B0B8753FDC}.Release|x86.ActiveCfg = Release|Any CPU
		{35DD8C63-983A-4F9D-A76D-E4B0B8753FDC}.Release|x86.Build.0 = Release|Any CPU
		{A9D61F43-E03E-445C-9C79-DC7B7447FB04}.Debug|ARM64.ActiveCfg = Debug|Any CPU
		{A9D61F43-E03E-445C-9C79-DC7B7447FB04}.Debug|ARM64.Build.0 = Debug|Any CPU
		{A9D61F43-E03E-445C-9C79-DC7B7447FB04}.Debug|x64.ActiveCfg = Debug|Any CPU
		{A9D61F43-E03E-445C-9C79-DC7B7447FB04}.Debug|x64.Build.0 = Debug|Any CPU
		{A9D61F43-E03E-445C-9C79-DC7B7447FB04}.Debug|x86.ActiveCfg = Debug|Any CPU
		{A9D61F43-E03E-445C-9C79-DC7B7447FB04}.Debug|x86.Build.0 = Debug|Any CPU
		{A9D61F43-E03E-445C-9C79-DC7B7447FB04}.Release|ARM64.ActiveCfg = Release|Any CPU
		{A9D61F43-E03E-445C-9C79-DC7B7447FB04}.Release|ARM64.Build.0 = Release|Any CPU
		{A9D61F43-E03E-445C-9C79-DC7B7447FB04}.Release|x64.ActiveCfg = Release|Any CPU
		{A9D61F43-E03E-445C-9C79-DC7B7447FB04}.Release|x64.Build.0 = Release|Any CPU
		{A9D61F43-E03E-445C-9C79-DC7B7447FB04}.Release|x86.ActiveCfg = Release|Any CPU
		{A9D61F43-E03E-445C-9C79-DC7B7447FB04}.Release|x86.Build.0 = Release|Any CPU
	EndGlobalSection
	GlobalSection(SolutionProperties) = preSolution
		HideSolutionNode = FALSE
	EndGlobalSection
	GlobalSection(NestedProjects) = preSolution
		{C3174FCB-D548-4B3C-B125-AA3E0D2FF2FE} = {CE0D3DC1-D8A2-44F9-8DCD-1CB9E79D35B1}
		{299A8753-4E7E-4A28-9E8D-FBA177C46B4B} = {CE0D3DC1-D8A2-44F9-8DCD-1CB9E79D35B1}
		{E5C7DB6F-A546-4F7A-9896-58BED23AF954} = {CE0D3DC1-D8A2-44F9-8DCD-1CB9E79D35B1}
		{85A28921-BED8-4AA2-8AC9-9840F5B677DE} = {CE0D3DC1-D8A2-44F9-8DCD-1CB9E79D35B1}
		{A5518349-FED5-45CB-9B73-FB38ACDDDD19} = {CE0D3DC1-D8A2-44F9-8DCD-1CB9E79D35B1}
		{5FC20B90-0E13-476A-96B3-B1E0CF475D5A} = {7269F1EE-A1ED-4BBB-BA3B-AAC441B73E06}
		{35DD8C63-983A-4F9D-A76D-E4B0B8753FDC} = {7269F1EE-A1ED-4BBB-BA3B-AAC441B73E06}
		{A9D61F43-E03E-445C-9C79-DC7B7447FB04} = {7269F1EE-A1ED-4BBB-BA3B-AAC441B73E06}
		{41885AF5-ADAD-41C7-AF86-8FBA8AD6807E} = {9BD7C37F-2FCC-4973-8AA7-B3C35B54FFFD}
		{3E979083-CA88-4FF2-B0C1-686CC823C59B} = {9BD7C37F-2FCC-4973-8AA7-B3C35B54FFFD}
	EndGlobalSection
EndGlobal
